Microsoft Visual Studio Solution File, Format Version 12.00
# Visual Studio Version 17
VisualStudioVersion = 17.13.35931.197
MinimumVisualStudioVersion = 10.0.40219.1
Project("{2150E333-8FDC-42A3-9474-1A3956D46DE8}") = "src", "src", "{B658F8C3-5410-41A8-A17B-4D60DAD6909B}"
EndProject
Project("{2150E333-8FDC-42A3-9474-1A3956D46DE8}") = "tests", "tests", "{F3D65D26-2596-4290-AD6E-07BF78F6E4A3}"
EndProject
Project("{2150E333-8FDC-42A3-9474-1A3956D46DE8}") = "DirectoryService", "DirectoryService", "{1F5D8F6F-04DB-4A6F-97A6-F467F695DCE5}"
EndProject
Project("{FAE04EC0-301F-11D3-BF4B-00C04F79EFBC}") = "DirectoryProject.DirectoryService.WebAPI", "src\DirectoryService\DirectoryProject.DirectoryService.WebAPI\DirectoryProject.DirectoryService.WebAPI.csproj", "{83EAD44B-0397-4766-8ADF-CB4A25D01424}"
EndProject
Project("{FAE04EC0-301F-11D3-BF4B-00C04F79EFBC}") = "DirectoryProject.DirectoryService.Domain", "src\DirectoryService\DirectoryProject.DirectoryService.Domain\DirectoryProject.DirectoryService.Domain.csproj", "{8040A341-7C36-4884-979C-1831938CF814}"
EndProject
Project("{FAE04EC0-301F-11D3-BF4B-00C04F79EFBC}") = "DirectoryProject.DirectoryService.Application", "src\DirectoryService\DirectoryProject.DirectoryService.Application\DirectoryProject.DirectoryService.Application.csproj", "{2A3614E9-F9E8-46C6-9EF9-4F52FF29DD0C}"
EndProject
Project("{FAE04EC0-301F-11D3-BF4B-00C04F79EFBC}") = "DirectoryProject.DirectoryService.Infrastructure", "src\DirectoryService\DirectoryProject.DirectoryService.Infrastructure\DirectoryProject.DirectoryService.Infrastructure.csproj", "{A75CAD39-37FC-4546-A370-2DE57234AB8A}"
EndProject
Project("{2150E333-8FDC-42A3-9474-1A3956D46DE8}") = "SolutionItems", "SolutionItems", "{02EA681E-C7D8-13C7-8484-4AC65E1B71E8}"
	ProjectSection(SolutionItems) = preProject
		.editorconfig = .editorconfig
	EndProjectSection
EndProject
Project("{E53339B2-1760-4266-BCC7-CA923CBCF16C}") = "docker-compose", "docker-compose.dcproj", "{81DDED9D-158B-E303-5F62-77A2896D2A5A}"
EndProject
Project("{FAE04EC0-301F-11D3-BF4B-00C04F79EFBC}") = "DirectoryService.Tests", "tests\DirectoryService.Tests\DirectoryService.Tests.csproj", "{481C7366-6D69-4CF2-A93B-3EECA1F1B342}"
EndProject
Project("{FAE04EC0-301F-11D3-BF4B-00C04F79EFBC}") = "Shared.Tests", "tests\Shared.Tests\Shared.Tests.csproj", "{51938D2C-6593-4ACA-9595-164D503457A8}"
EndProject
Project("{2150E333-8FDC-42A3-9474-1A3956D46DE8}") = "SharedService", "SharedService", "{9EA87CB3-283D-4191-823A-0D191CC4EFCB}"
EndProject
Project("{FAE04EC0-301F-11D3-BF4B-00C04F79EFBC}") = "Core", "src\SharedService\Core\Core.csproj", "{A829EE00-818E-4F45-BA8A-A0D9AD117E3F}"
EndProject
Project("{FAE04EC0-301F-11D3-BF4B-00C04F79EFBC}") = "SharedKernel", "src\SharedService\SharedKernel\SharedKernel.csproj", "{E7732D32-3B3E-4276-9E4B-B5E846E9B670}"
EndProject
Project("{FAE04EC0-301F-11D3-BF4B-00C04F79EFBC}") = "Framework", "src\SharedService\Framework\Framework.csproj", "{4CB88816-7C03-4737-92D7-427464B50B48}"
EndProject
Project("{2150E333-8FDC-42A3-9474-1A3956D46DE8}") = "FileService", "FileService", "{F43CE21A-725C-4EFA-83E9-C362B3377D41}"
EndProject
Project("{FAE04EC0-301F-11D3-BF4B-00C04F79EFBC}") = "DirectoryProject.FileService.WebAPI", "src\FileService\DirectoryProject.FileService.WebAPI\DirectoryProject.FileService.WebAPI.csproj", "{3C7B3949-6663-4298-9784-ED7B5978FD47}"
EndProject
Project("{FAE04EC0-301F-11D3-BF4B-00C04F79EFBC}") = "DirectoryProject.FileService.Communication", "src\FileService\DirectoryProject.FileService.Communication\DirectoryProject.FileService.Communication.csproj", "{48461116-A419-44F2-9AB3-4356F717229A}"
EndProject
Project("{FAE04EC0-301F-11D3-BF4B-00C04F79EFBC}") = "DirectoryProject.FileService.Contracts", "src\FileService\DirectoryProject.FileService.Contracts\DirectoryProject.FileService.Contracts.csproj", "{B6B7EA85-C9C7-4AF7-AEB3-EEF4DB9A8581}"
EndProject
Project("{2150E333-8FDC-42A3-9474-1A3956D46DE8}") = "OrderService", "OrderService", "{D092FBC0-6182-49A9-8666-E882270BE54E}"
EndProject
Project("{2150E333-8FDC-42A3-9474-1A3956D46DE8}") = "InventoryService", "InventoryService", "{40176640-BA70-4554-9BA1-2BB9EBE6407C}"
EndProject
Project("{FAE04EC0-301F-11D3-BF4B-00C04F79EFBC}") = "OrderService.WebAPI", "src\OrderService\OrderService.WebAPI\OrderService.WebAPI.csproj", "{320CD8DE-D695-45C3-AF69-F2A5B6882F88}"
EndProject
Project("{FAE04EC0-301F-11D3-BF4B-00C04F79EFBC}") = "InventoryService.WepAPI", "src\InventoryService\InventoryService.WepAPI\InventoryService.WepAPI.csproj", "{9E6A78D9-AE03-4312-A6FF-01F2CB2DA5C9}"
EndProject
Global
	GlobalSection(SolutionConfigurationPlatforms) = preSolution
		Debug|Any CPU = Debug|Any CPU
		Release|Any CPU = Release|Any CPU
	EndGlobalSection
	GlobalSection(ProjectConfigurationPlatforms) = postSolution
		{83EAD44B-0397-4766-8ADF-CB4A25D01424}.Debug|Any CPU.ActiveCfg = Debug|Any CPU
		{83EAD44B-0397-4766-8ADF-CB4A25D01424}.Debug|Any CPU.Build.0 = Debug|Any CPU
		{83EAD44B-0397-4766-8ADF-CB4A25D01424}.Release|Any CPU.ActiveCfg = Release|Any CPU
		{83EAD44B-0397-4766-8ADF-CB4A25D01424}.Release|Any CPU.Build.0 = Release|Any CPU
		{8040A341-7C36-4884-979C-1831938CF814}.Debug|Any CPU.ActiveCfg = Debug|Any CPU
		{8040A341-7C36-4884-979C-1831938CF814}.Debug|Any CPU.Build.0 = Debug|Any CPU
		{8040A341-7C36-4884-979C-1831938CF814}.Release|Any CPU.ActiveCfg = Release|Any CPU
		{8040A341-7C36-4884-979C-1831938CF814}.Release|Any CPU.Build.0 = Release|Any CPU
		{2A3614E9-F9E8-46C6-9EF9-4F52FF29DD0C}.Debug|Any CPU.ActiveCfg = Debug|Any CPU
		{2A3614E9-F9E8-46C6-9EF9-4F52FF29DD0C}.Debug|Any CPU.Build.0 = Debug|Any CPU
		{2A3614E9-F9E8-46C6-9EF9-4F52FF29DD0C}.Release|Any CPU.ActiveCfg = Release|Any CPU
		{2A3614E9-F9E8-46C6-9EF9-4F52FF29DD0C}.Release|Any CPU.Build.0 = Release|Any CPU
		{A75CAD39-37FC-4546-A370-2DE57234AB8A}.Debug|Any CPU.ActiveCfg = Debug|Any CPU
		{A75CAD39-37FC-4546-A370-2DE57234AB8A}.Debug|Any CPU.Build.0 = Debug|Any CPU
		{A75CAD39-37FC-4546-A370-2DE57234AB8A}.Release|Any CPU.ActiveCfg = Release|Any CPU
		{A75CAD39-37FC-4546-A370-2DE57234AB8A}.Release|Any CPU.Build.0 = Release|Any CPU
		{81DDED9D-158B-E303-5F62-77A2896D2A5A}.Debug|Any CPU.ActiveCfg = Debug|Any CPU
		{81DDED9D-158B-E303-5F62-77A2896D2A5A}.Debug|Any CPU.Build.0 = Debug|Any CPU
		{81DDED9D-158B-E303-5F62-77A2896D2A5A}.Release|Any CPU.ActiveCfg = Release|Any CPU
		{81DDED9D-158B-E303-5F62-77A2896D2A5A}.Release|Any CPU.Build.0 = Release|Any CPU
		{481C7366-6D69-4CF2-A93B-3EECA1F1B342}.Debug|Any CPU.ActiveCfg = Debug|Any CPU
		{481C7366-6D69-4CF2-A93B-3EECA1F1B342}.Debug|Any CPU.Build.0 = Debug|Any CPU
		{481C7366-6D69-4CF2-A93B-3EECA1F1B342}.Release|Any CPU.ActiveCfg = Release|Any CPU
		{481C7366-6D69-4CF2-A93B-3EECA1F1B342}.Release|Any CPU.Build.0 = Release|Any CPU
		{51938D2C-6593-4ACA-9595-164D503457A8}.Debug|Any CPU.ActiveCfg = Debug|Any CPU
		{51938D2C-6593-4ACA-9595-164D503457A8}.Debug|Any CPU.Build.0 = Debug|Any CPU
		{51938D2C-6593-4ACA-9595-164D503457A8}.Release|Any CPU.ActiveCfg = Release|Any CPU
		{51938D2C-6593-4ACA-9595-164D503457A8}.Release|Any CPU.Build.0 = Release|Any CPU
		{A829EE00-818E-4F45-BA8A-A0D9AD117E3F}.Debug|Any CPU.ActiveCfg = Debug|Any CPU
		{A829EE00-818E-4F45-BA8A-A0D9AD117E3F}.Debug|Any CPU.Build.0 = Debug|Any CPU
		{A829EE00-818E-4F45-BA8A-A0D9AD117E3F}.Release|Any CPU.ActiveCfg = Release|Any CPU
		{A829EE00-818E-4F45-BA8A-A0D9AD117E3F}.Release|Any CPU.Build.0 = Release|Any CPU
		{E7732D32-3B3E-4276-9E4B-B5E846E9B670}.Debug|Any CPU.ActiveCfg = Debug|Any CPU
		{E7732D32-3B3E-4276-9E4B-B5E846E9B670}.Debug|Any CPU.Build.0 = Debug|Any CPU
		{E7732D32-3B3E-4276-9E4B-B5E846E9B670}.Release|Any CPU.ActiveCfg = Release|Any CPU
		{E7732D32-3B3E-4276-9E4B-B5E846E9B670}.Release|Any CPU.Build.0 = Release|Any CPU
		{4CB88816-7C03-4737-92D7-427464B50B48}.Debug|Any CPU.ActiveCfg = Debug|Any CPU
		{4CB88816-7C03-4737-92D7-427464B50B48}.Debug|Any CPU.Build.0 = Debug|Any CPU
		{4CB88816-7C03-4737-92D7-427464B50B48}.Release|Any CPU.ActiveCfg = Release|Any CPU
		{4CB88816-7C03-4737-92D7-427464B50B48}.Release|Any CPU.Build.0 = Release|Any CPU
		{3C7B3949-6663-4298-9784-ED7B5978FD47}.Debug|Any CPU.ActiveCfg = Debug|Any CPU
		{3C7B3949-6663-4298-9784-ED7B5978FD47}.Debug|Any CPU.Build.0 = Debug|Any CPU
		{3C7B3949-6663-4298-9784-ED7B5978FD47}.Release|Any CPU.ActiveCfg = Release|Any CPU
		{3C7B3949-6663-4298-9784-ED7B5978FD47}.Release|Any CPU.Build.0 = Release|Any CPU
		{48461116-A419-44F2-9AB3-4356F717229A}.Debug|Any CPU.ActiveCfg = Debug|Any CPU
		{48461116-A419-44F2-9AB3-4356F717229A}.Debug|Any CPU.Build.0 = Debug|Any CPU
		{48461116-A419-44F2-9AB3-4356F717229A}.Release|Any CPU.ActiveCfg = Release|Any CPU
		{48461116-A419-44F2-9AB3-4356F717229A}.Release|Any CPU.Build.0 = Release|Any CPU
		{B6B7EA85-C9C7-4AF7-AEB3-EEF4DB9A8581}.Debug|Any CPU.ActiveCfg = Debug|Any CPU
		{B6B7EA85-C9C7-4AF7-AEB3-EEF4DB9A8581}.Debug|Any CPU.Build.0 = Debug|Any CPU
		{B6B7EA85-C9C7-4AF7-AEB3-EEF4DB9A8581}.Release|Any CPU.ActiveCfg = Release|Any CPU
		{B6B7EA85-C9C7-4AF7-AEB3-EEF4DB9A8581}.Release|Any CPU.Build.0 = Release|Any CPU
		{320CD8DE-D695-45C3-AF69-F2A5B6882F88}.Debug|Any CPU.ActiveCfg = Debug|Any CPU
		{320CD8DE-D695-45C3-AF69-F2A5B6882F88}.Debug|Any CPU.Build.0 = Debug|Any CPU
		{320CD8DE-D695-45C3-AF69-F2A5B6882F88}.Release|Any CPU.ActiveCfg = Release|Any CPU
		{320CD8DE-D695-45C3-AF69-F2A5B6882F88}.Release|Any CPU.Build.0 = Release|Any CPU
		{9E6A78D9-AE03-4312-A6FF-01F2CB2DA5C9}.Debug|Any CPU.ActiveCfg = Debug|Any CPU
		{9E6A78D9-AE03-4312-A6FF-01F2CB2DA5C9}.Debug|Any CPU.Build.0 = Debug|Any CPU
		{9E6A78D9-AE03-4312-A6FF-01F2CB2DA5C9}.Release|Any CPU.ActiveCfg = Release|Any CPU
		{9E6A78D9-AE03-4312-A6FF-01F2CB2DA5C9}.Release|Any CPU.Build.0 = Release|Any CPU
	EndGlobalSection
	GlobalSection(SolutionProperties) = preSolution
		HideSolutionNode = FALSE
	EndGlobalSection
	GlobalSection(NestedProjects) = preSolution
		{1F5D8F6F-04DB-4A6F-97A6-F467F695DCE5} = {B658F8C3-5410-41A8-A17B-4D60DAD6909B}
		{83EAD44B-0397-4766-8ADF-CB4A25D01424} = {1F5D8F6F-04DB-4A6F-97A6-F467F695DCE5}
		{8040A341-7C36-4884-979C-1831938CF814} = {1F5D8F6F-04DB-4A6F-97A6-F467F695DCE5}
		{2A3614E9-F9E8-46C6-9EF9-4F52FF29DD0C} = {1F5D8F6F-04DB-4A6F-97A6-F467F695DCE5}
		{A75CAD39-37FC-4546-A370-2DE57234AB8A} = {1F5D8F6F-04DB-4A6F-97A6-F467F695DCE5}
		{481C7366-6D69-4CF2-A93B-3EECA1F1B342} = {F3D65D26-2596-4290-AD6E-07BF78F6E4A3}
		{51938D2C-6593-4ACA-9595-164D503457A8} = {F3D65D26-2596-4290-AD6E-07BF78F6E4A3}
		{9EA87CB3-283D-4191-823A-0D191CC4EFCB} = {B658F8C3-5410-41A8-A17B-4D60DAD6909B}
		{A829EE00-818E-4F45-BA8A-A0D9AD117E3F} = {9EA87CB3-283D-4191-823A-0D191CC4EFCB}
		{E7732D32-3B3E-4276-9E4B-B5E846E9B670} = {9EA87CB3-283D-4191-823A-0D191CC4EFCB}
		{4CB88816-7C03-4737-92D7-427464B50B48} = {9EA87CB3-283D-4191-823A-0D191CC4EFCB}
		{F43CE21A-725C-4EFA-83E9-C362B3377D41} = {B658F8C3-5410-41A8-A17B-4D60DAD6909B}
		{3C7B3949-6663-4298-9784-ED7B5978FD47} = {F43CE21A-725C-4EFA-83E9-C362B3377D41}
		{48461116-A419-44F2-9AB3-4356F717229A} = {F43CE21A-725C-4EFA-83E9-C362B3377D41}
		{B6B7EA85-C9C7-4AF7-AEB3-EEF4DB9A8581} = {F43CE21A-725C-4EFA-83E9-C362B3377D41}
		{D092FBC0-6182-49A9-8666-E882270BE54E} = {B658F8C3-5410-41A8-A17B-4D60DAD6909B}
		{40176640-BA70-4554-9BA1-2BB9EBE6407C} = {B658F8C3-5410-41A8-A17B-4D60DAD6909B}
		{320CD8DE-D695-45C3-AF69-F2A5B6882F88} = {D092FBC0-6182-49A9-8666-E882270BE54E}
		{9E6A78D9-AE03-4312-A6FF-01F2CB2DA5C9} = {40176640-BA70-4554-9BA1-2BB9EBE6407C}
	EndGlobalSection
	GlobalSection(ExtensibilityGlobals) = postSolution
		SolutionGuid = {FA164B78-DC63-496E-A526-CEA658D2956E}
	EndGlobalSection
EndGlobal
